
Microsoft Visual Studio Solution File, Format Version 12.00
# Visual Studio Version 17
VisualStudioVersion = 17.3.32929.385
MinimumVisualStudioVersion = 10.0.40219.1
Project("{FAE04EC0-301F-11D3-BF4B-00C04F79EFBC}") = "Safaricom_USSD", "Safaricom_USSD.csproj", "{C7CAA695-8E2C-48F4-9525-C92C0704B30F}"
EndProject
Project("{FAE04EC0-301F-11D3-BF4B-00C04F79EFBC}") = "Models", "..\Models\Models.csproj", "{A8241BD7-6E84-4487-AEED-0F0B5B2F12DD}"
EndProject
Global
	GlobalSection(SolutionConfigurationPlatforms) = preSolution
		Debug|Any CPU = Debug|Any CPU
		Release|Any CPU = Release|Any CPU
	EndGlobalSection
	GlobalSection(ProjectConfigurationPlatforms) = postSolution
		{C7CAA695-8E2C-48F4-9525-C92C0704B30F}.Debug|Any CPU.ActiveCfg = Debug|Any CPU
		{C7CAA695-8E2C-48F4-9525-C92C0704B30F}.Debug|Any CPU.Build.0 = Debug|Any CPU
		{C7CAA695-8E2C-48F4-9525-C92C0704B30F}.Release|Any CPU.ActiveCfg = Release|Any CPU
		{C7CAA695-8E2C-48F4-9525-C92C0704B30F}.Release|Any CPU.Build.0 = Release|Any CPU
		{A8241BD7-6E84-4487-AEED-0F0B5B2F12DD}.Debug|Any CPU.ActiveCfg = Debug|Any CPU
		{A8241BD7-6E84-4487-AEED-0F0B5B2F12DD}.Debug|Any CPU.Build.0 = Debug|Any CPU
		{A8241BD7-6E84-4487-AEED-0F0B5B2F12DD}.Release|Any CPU.ActiveCfg = Release|Any CPU
		{A8241BD7-6E84-4487-AEED-0F0B5B2F12DD}.Release|Any CPU.Build.0 = Release|Any CPU
	EndGlobalSection
	GlobalSection(SolutionProperties) = preSolution
		HideSolutionNode = FALSE
	EndGlobalSection
	GlobalSection(ExtensibilityGlobals) = postSolution
		SolutionGuid = {467F2D91-71A1-4412-904A-83FC9D2A1A2D}
	EndGlobalSection
EndGlobal
